
Microsoft Visual Studio Solution File, Format Version 12.00
# Visual Studio 15
VisualStudioVersion = 15.0.33026.149
MinimumVisualStudioVersion = 10.0.40219.1
Project("{8BC9CEB8-8B4A-11D0-8D11-00A0C91BC942}") = "1_ffmpeg_config", "1_ffmpeg_config\1_ffmpeg_config.vcxproj", "{015B1A99-8FA4-463E-B3EF-66B1761AAAE1}"
EndProject
Project("{8BC9CEB8-8B4A-11D0-8D11-00A0C91BC942}") = "2_ffmpeg_avio", "2_ffmpeg_avio\2_ffmpeg_avio.vcxproj", "{E278C043-6273-4C8F-816D-904C082B0FA3}"
EndProject
Project("{8BC9CEB8-8B4A-11D0-8D11-00A0C91BC942}") = "3_ffmpeg_encode", "3_ffmpeg_encode\3_ffmpeg_encode.vcxproj", "{90437E0A-BE65-4367-807C-F7CEA7DE84C5}"
EndProject
Global
	GlobalSection(SolutionConfigurationPlatforms) = preSolution
		Debug|x64 = Debug|x64
		Debug|x86 = Debug|x86
		Release|x64 = Release|x64
		Release|x86 = Release|x86
	EndGlobalSection
	GlobalSection(ProjectConfigurationPlatforms) = postSolution
		{015B1A99-8FA4-463E-B3EF-66B1761AAAE1}.Debug|x64.ActiveCfg = Debug|x64
		{015B1A99-8FA4-463E-B3EF-66B1761AAAE1}.Debug|x64.Build.0 = Debug|x64
		{015B1A99-8FA4-463E-B3EF-66B1761AAAE1}.Debug|x86.ActiveCfg = Debug|Win32
		{015B1A99-8FA4-463E-B3EF-66B1761AAAE1}.Debug|x86.Build.0 = Debug|Win32
		{015B1A99-8FA4-463E-B3EF-66B1761AAAE1}.Release|x64.ActiveCfg = Release|x64
		{015B1A99-8FA4-463E-B3EF-66B1761AAAE1}.Release|x64.Build.0 = Release|x64
		{015B1A99-8FA4-463E-B3EF-66B1761AAAE1}.Release|x86.ActiveCfg = Release|Win32
		{015B1A99-8FA4-463E-B3EF-66B1761AAAE1}.Release|x86.Build.0 = Release|Win32
		{E278C043-6273-4C8F-816D-904C082B0FA3}.Debug|x64.ActiveCfg = Debug|x64
		{E278C043-6273-4C8F-816D-904C082B0FA3}.Debug|x64.Build.0 = Debug|x64
		{E278C043-6273-4C8F-816D-904C082B0FA3}.Debug|x86.ActiveCfg = Debug|Win32
		{E278C043-6273-4C8F-816D-904C082B0FA3}.Debug|x86.Build.0 = Debug|Win32
		{E278C043-6273-4C8F-816D-904C082B0FA3}.Release|x64.ActiveCfg = Release|x64
		{E278C043-6273-4C8F-816D-904C082B0FA3}.Release|x64.Build.0 = Release|x64
		{E278C043-6273-4C8F-816D-904C082B0FA3}.Release|x86.ActiveCfg = Release|Win32
		{E278C043-6273-4C8F-816D-904C082B0FA3}.Release|x86.Build.0 = Release|Win32
		{90437E0A-BE65-4367-807C-F7CEA7DE84C5}.Debug|x64.ActiveCfg = Debug|x64
		{90437E0A-BE65-4367-807C-F7CEA7DE84C5}.Debug|x64.Build.0 = Debug|x64
		{90437E0A-BE65-4367-807C-F7CEA7DE84C5}.Debug|x86.ActiveCfg = Debug|Win32
		{90437E0A-BE65-4367-807C-F7CEA7DE84C5}.Debug|x86.Build.0 = Debug|Win32
		{90437E0A-BE65-4367-807C-F7CEA7DE84C5}.Release|x64.ActiveCfg = Release|x64
		{90437E0A-BE65-4367-807C-F7CEA7DE84C5}.Release|x64.Build.0 = Release|x64
		{90437E0A-BE65-4367-807C-F7CEA7DE84C5}.Release|x86.ActiveCfg = Release|Win32
		{90437E0A-BE65-4367-807C-F7CEA7DE84C5}.Release|x86.Build.0 = Release|Win32
	EndGlobalSection
	GlobalSection(SolutionProperties) = preSolution
		HideSolutionNode = FALSE
	EndGlobalSection
	GlobalSection(ExtensibilityGlobals) = postSolution
		SolutionGuid = {DE82D52F-5A68-4A68-AC73-E2A05C337517}
	EndGlobalSection
EndGlobal
